
Microsoft Visual Studio Solution File, Format Version 12.00
# Visual Studio 15
VisualStudioVersion = 15.0.27428.2002
MinimumVisualStudioVersion = 10.0.40219.1
Project("{FAE04EC0-301F-11D3-BF4B-00C04F79EFBC}") = "WannaCancer3.0", "WannaCancer3.0\WannaCancer3.0.csproj", "{683F7D82-3235-44EF-A0C4-36FCB5C37C69}"
EndProject
Project("{FAE04EC0-301F-11D3-BF4B-00C04F79EFBC}") = "WannaDetector", "WannaDetector\WannaDetector.csproj", "{081A741D-3EBB-4D0C-AFBB-FBABF7993FA6}"
EndProject
Project("{FAE04EC0-301F-11D3-BF4B-00C04F79EFBC}") = "WannaDeCancer", "WannaDeCancer\WannaDeCancer.csproj", "{35EA2F36-AA01-4673-A3E3-EFA3D26BB550}"
EndProject
Project("{FAE04EC0-301F-11D3-BF4B-00C04F79EFBC}") = "WannaGetCancerID", "WannaGetCancerID\WannaGetCancerID.csproj", "{7E11A6FE-5933-4E37-85FB-308739EB031A}"
EndProject
Global
	GlobalSection(SolutionConfigurationPlatforms) = preSolution
		Debug|Any CPU = Debug|Any CPU
		Release|Any CPU = Release|Any CPU
	EndGlobalSection
	GlobalSection(ProjectConfigurationPlatforms) = postSolution
		{683F7D82-3235-44EF-A0C4-36FCB5C37C69}.Debug|Any CPU.ActiveCfg = Debug|Any CPU
		{683F7D82-3235-44EF-A0C4-36FCB5C37C69}.Debug|Any CPU.Build.0 = Debug|Any CPU
		{683F7D82-3235-44EF-A0C4-36FCB5C37C69}.Release|Any CPU.ActiveCfg = Release|Any CPU
		{683F7D82-3235-44EF-A0C4-36FCB5C37C69}.Release|Any CPU.Build.0 = Release|Any CPU
		{081A741D-3EBB-4D0C-AFBB-FBABF7993FA6}.Debug|Any CPU.ActiveCfg = Debug|Any CPU
		{081A741D-3EBB-4D0C-AFBB-FBABF7993FA6}.Debug|Any CPU.Build.0 = Debug|Any CPU
		{081A741D-3EBB-4D0C-AFBB-FBABF7993FA6}.Release|Any CPU.ActiveCfg = Release|Any CPU
		{081A741D-3EBB-4D0C-AFBB-FBABF7993FA6}.Release|Any CPU.Build.0 = Release|Any CPU
		{35EA2F36-AA01-4673-A3E3-EFA3D26BB550}.Debug|Any CPU.ActiveCfg = Debug|Any CPU
		{35EA2F36-AA01-4673-A3E3-EFA3D26BB550}.Debug|Any CPU.Build.0 = Debug|Any CPU
		{35EA2F36-AA01-4673-A3E3-EFA3D26BB550}.Release|Any CPU.ActiveCfg = Release|Any CPU
		{35EA2F36-AA01-4673-A3E3-EFA3D26BB550}.Release|Any CPU.Build.0 = Release|Any CPU
		{7E11A6FE-5933-4E37-85FB-308739EB031A}.Debug|Any CPU.ActiveCfg = Debug|Any CPU
		{7E11A6FE-5933-4E37-85FB-308739EB031A}.Debug|Any CPU.Build.0 = Debug|Any CPU
		{7E11A6FE-5933-4E37-85FB-308739EB031A}.Release|Any CPU.ActiveCfg = Release|Any CPU
		{7E11A6FE-5933-4E37-85FB-308739EB031A}.Release|Any CPU.Build.0 = Release|Any CPU
	EndGlobalSection
	GlobalSection(SolutionProperties) = preSolution
		HideSolutionNode = FALSE
	EndGlobalSection
	GlobalSection(ExtensibilityGlobals) = postSolution
		SolutionGuid = {FF55FAE4-7954-432E-81DA-B5E34CD4C0E3}
	EndGlobalSection
EndGlobal
